// !$*UTF8*$!
{
	archiveVersion = 1;
	classes = {
	};
	objectVersion = 46;
	objects = {

/* Begin PBXBuildFile section */
		4E0AFCF71AA9EB73005C41B1 /* kk_srec.c in Sources */ = {isa = PBXBuildFile; fileRef = 4E0AFCF21AA9EB73005C41B1 /* kk_srec.c */; };
		4E0AFCF81AA9EB73005C41B1 /* kk_srec.h in Headers */ = {isa = PBXBuildFile; fileRef = 4E0AFCF31AA9EB73005C41B1 /* kk_srec.h */; };
		4E0AFD111AA9EBD5005C41B1 /* bin2srec.c in Sources */ = {isa = PBXBuildFile; fileRef = 4E0AFCF11AA9EB73005C41B1 /* bin2srec.c */; };
		4E0AFD121AA9EBDB005C41B1 /* libkk_srec.a in Frameworks */ = {isa = PBXBuildFile; fileRef = 4E0AFCEB1AA9EB55005C41B1 /* libkk_srec.a */; };
		4E0AFD131AA9EBE3005C41B1 /* bin2srec.1 in CopyFiles */ = {isa = PBXBuildFile; fileRef = 4E0AFCF01AA9EB73005C41B1 /* bin2srec.1 */; };
		4E0AFD1D1AA9EC14005C41B1 /* libkk_srec.a in Frameworks */ = {isa = PBXBuildFile; fileRef = 4E0AFCEB1AA9EB55005C41B1 /* libkk_srec.a */; };
		4E0AFD1E1AA9EC1B005C41B1 /* srec2bin.1 in CopyFiles */ = {isa = PBXBuildFile; fileRef = 4E0AFCF41AA9EB73005C41B1 /* srec2bin.1 */; };
		4E0AFD1F1AA9EC24005C41B1 /* srec2bin.c in Sources */ = {isa = PBXBuildFile; fileRef = 4E0AFCF51AA9EB73005C41B1 /* srec2bin.c */; };
/* End PBXBuildFile section */

/* Begin PBXCopyFilesBuildPhase section */
		4E0AFD081AA9EBCB005C41B1 /* CopyFiles */ = {
			isa = PBXCopyFilesBuildPhase;
			buildActionMask = 2147483647;
			dstPath = /usr/share/man/man1/;
			dstSubfolderSpec = 0;
			files = (
				4E0AFD131AA9EBE3005C41B1 /* bin2srec.1 in CopyFiles */,
			);
			runOnlyForDeploymentPostprocessing = 1;
		};
		4E0AFD161AA9EC0D005C41B1 /* CopyFiles */ = {
			isa = PBXCopyFilesBuildPhase;
			buildActionMask = 2147483647;
			dstPath = /usr/share/man/man1/;
			dstSubfolderSpec = 0;
			files = (
				4E0AFD1E1AA9EC1B005C41B1 /* srec2bin.1 in CopyFiles */,
			);
			runOnlyForDeploymentPostprocessing = 1;
		};
/* End PBXCopyFilesBuildPhase section */

/* Begin PBXFileReference section */
		4E0AFCEB1AA9EB55005C41B1 /* libkk_srec.a */ = {isa = PBXFileReference; explicitFileType = archive.ar; includeInIndex = 0; path = libkk_srec.a; sourceTree = BUILT_PRODUCTS_DIR; };
		4E0AFCF01AA9EB73005C41B1 /* bin2srec.1 */ = {isa = PBXFileReference; fileEncoding = 4; lastKnownFileType = text.man; path = bin2srec.1; sourceTree = "<group>"; };
		4E0AFCF11AA9EB73005C41B1 /* bin2srec.c */ = {isa = PBXFileReference; fileEncoding = 4; lastKnownFileType = sourcecode.c.c; path = bin2srec.c; sourceTree = "<group>"; };
		4E0AFCF21AA9EB73005C41B1 /* kk_srec.c */ = {isa = PBXFileReference; fileEncoding = 4; lastKnownFileType = sourcecode.c.c; path = kk_srec.c; sourceTree = "<group>"; };
		4E0AFCF31AA9EB73005C41B1 /* kk_srec.h */ = {isa = PBXFileReference; fileEncoding = 4; lastKnownFileType = sourcecode.c.h; path = kk_srec.h; sourceTree = "<group>"; };
		4E0AFCF41AA9EB73005C41B1 /* srec2bin.1 */ = {isa = PBXFileReference; fileEncoding = 4; lastKnownFileType = text.man; path = srec2bin.1; sourceTree = "<group>"; };
		4E0AFCF51AA9EB73005C41B1 /* srec2bin.c */ = {isa = PBXFileReference; fileEncoding = 4; lastKnownFileType = sourcecode.c.c; path = srec2bin.c; sourceTree = "<group>"; };
		4E0AFD0A1AA9EBCB005C41B1 /* bin2srec */ = {isa = PBXFileReference; explicitFileType = "compiled.mach-o.executable"; includeInIndex = 0; path = bin2srec; sourceTree = BUILT_PRODUCTS_DIR; };
		4E0AFD181AA9EC0D005C41B1 /* srec2bin */ = {isa = PBXFileReference; explicitFileType = "compiled.mach-o.executable"; includeInIndex = 0; path = srec2bin; sourceTree = BUILT_PRODUCTS_DIR; };
/* End PBXFileReference section */

/* Begin PBXFrameworksBuildPhase section */
		4E0AFCE81AA9EB55005C41B1 /* Frameworks */ = {
			isa = PBXFrameworksBuildPhase;
			buildActionMask = 2147483647;
			files = (
			);
			runOnlyForDeploymentPostprocessing = 0;
		};
		4E0AFD071AA9EBCB005C41B1 /* Frameworks */ = {
			isa = PBXFrameworksBuildPhase;
			buildActionMask = 2147483647;
			files = (
				4E0AFD121AA9EBDB005C41B1 /* libkk_srec.a in Frameworks */,
			);
			runOnlyForDeploymentPostprocessing = 0;
		};
		4E0AFD151AA9EC0D005C41B1 /* Frameworks */ = {
			isa = PBXFrameworksBuildPhase;
			buildActionMask = 2147483647;
			files = (
				4E0AFD1D1AA9EC14005C41B1 /* libkk_srec.a in Frameworks */,
			);
			runOnlyForDeploymentPostprocessing = 0;
		};
/* End PBXFrameworksBuildPhase section */

/* Begin PBXGroup section */
		4E0AFCD71AA9EB18005C41B1 = {
			isa = PBXGroup;
			children = (
				4E0AFCEF1AA9EB61005C41B1 /* Sources */,
				4E0AFCFA1AA9EB83005C41B1 /* Supporting Files */,
				4E0AFCE11AA9EB18005C41B1 /* Products */,
			);
			sourceTree = "<group>";
		};
		4E0AFCE11AA9EB18005C41B1 /* Products */ = {
			isa = PBXGroup;
			children = (
				4E0AFCEB1AA9EB55005C41B1 /* libkk_srec.a */,
				4E0AFD0A1AA9EBCB005C41B1 /* bin2srec */,
				4E0AFD181AA9EC0D005C41B1 /* srec2bin */,
			);
			name = Products;
			sourceTree = "<group>";
		};
		4E0AFCEF1AA9EB61005C41B1 /* Sources */ = {
			isa = PBXGroup;
			children = (
				4E0AFCF11AA9EB73005C41B1 /* bin2srec.c */,
				4E0AFCF21AA9EB73005C41B1 /* kk_srec.c */,
				4E0AFCF31AA9EB73005C41B1 /* kk_srec.h */,
				4E0AFCF51AA9EB73005C41B1 /* srec2bin.c */,
			);
			name = Sources;
			sourceTree = "<group>";
		};
		4E0AFCFA1AA9EB83005C41B1 /* Supporting Files */ = {
			isa = PBXGroup;
			children = (
				4E0AFCF01AA9EB73005C41B1 /* bin2srec.1 */,
				4E0AFCF41AA9EB73005C41B1 /* srec2bin.1 */,
			);
			name = "Supporting Files";
			sourceTree = "<group>";
		};
/* End PBXGroup section */

/* Begin PBXHeadersBuildPhase section */
		4E0AFCE91AA9EB55005C41B1 /* Headers */ = {
			isa = PBXHeadersBuildPhase;
			buildActionMask = 2147483647;
			files = (
				4E0AFCF81AA9EB73005C41B1 /* kk_srec.h in Headers */,
			);
			runOnlyForDeploymentPostprocessing = 0;
		};
/* End PBXHeadersBuildPhase section */

/* Begin PBXNativeTarget section */
		4E0AFCEA1AA9EB55005C41B1 /* kk_srec */ = {
			isa = PBXNativeTarget;
			buildConfigurationList = 4E0AFCEE1AA9EB55005C41B1 /* Build configuration list for PBXNativeTarget "kk_srec" */;
			buildPhases = (
				4E0AFCE71AA9EB55005C41B1 /* Sources */,
				4E0AFCE81AA9EB55005C41B1 /* Frameworks */,
				4E0AFCE91AA9EB55005C41B1 /* Headers */,
			);
			buildRules = (
			);
			dependencies = (
			);
			name = kk_srec;
			productName = kk_srec;
			productReference = 4E0AFCEB1AA9EB55005C41B1 /* libkk_srec.a */;
			productType = "com.apple.product-type.library.static";
		};
		4E0AFD091AA9EBCB005C41B1 /* bin2srec */ = {
			isa = PBXNativeTarget;
			buildConfigurationList = 4E0AFD0E1AA9EBCB005C41B1 /* Build configuration list for PBXNativeTarget "bin2srec" */;
			buildPhases = (
				4E0AFD061AA9EBCB005C41B1 /* Sources */,
				4E0AFD071AA9EBCB005C41B1 /* Frameworks */,
				4E0AFD081AA9EBCB005C41B1 /* CopyFiles */,
			);
			buildRules = (
			);
			dependencies = (
			);
			name = bin2srec;
			productName = bin2srec;
			productReference = 4E0AFD0A1AA9EBCB005C41B1 /* bin2srec */;
			productType = "com.apple.product-type.tool";
		};
		4E0AFD171AA9EC0D005C41B1 /* srec2bin */ = {
			isa = PBXNativeTarget;
			buildConfigurationList = 4E0AFD1A1AA9EC0D005C41B1 /* Build configuration list for PBXNativeTarget "srec2bin" */;
			buildPhases = (
				4E0AFD141AA9EC0D005C41B1 /* Sources */,
				4E0AFD151AA9EC0D005C41B1 /* Frameworks */,
				4E0AFD161AA9EC0D005C41B1 /* CopyFiles */,
			);
			buildRules = (
			);
			dependencies = (
			);
			name = srec2bin;
			productName = srec2bin;
			productReference = 4E0AFD181AA9EC0D005C41B1 /* srec2bin */;
			productType = "com.apple.product-type.tool";
		};
/* End PBXNativeTarget section */

/* Begin PBXProject section */
		4E0AFCD81AA9EB18005C41B1 /* Project object */ = {
			isa = PBXProject;
			attributes = {
				LastUpgradeCheck = 0610;
				ORGANIZATIONNAME = "Kimmo Kulovesi";
				TargetAttributes = {
					4E0AFCEA1AA9EB55005C41B1 = {
						CreatedOnToolsVersion = 6.1.1;
					};
					4E0AFD091AA9EBCB005C41B1 = {
						CreatedOnToolsVersion = 6.1.1;
					};
					4E0AFD171AA9EC0D005C41B1 = {
						CreatedOnToolsVersion = 6.1.1;
					};
				};
			};
			buildConfigurationList = 4E0AFCDB1AA9EB18005C41B1 /* Build configuration list for PBXProject "kk_srec" */;
			compatibilityVersion = "Xcode 3.2";
			developmentRegion = English;
			hasScannedForEncodings = 0;
			knownRegions = (
				en,
			);
			mainGroup = 4E0AFCD71AA9EB18005C41B1;
			productRefGroup = 4E0AFCE11AA9EB18005C41B1 /* Products */;
			projectDirPath = "";
			projectRoot = "";
			targets = (
				4E0AFCEA1AA9EB55005C41B1 /* kk_srec */,
				4E0AFD091AA9EBCB005C41B1 /* bin2srec */,
				4E0AFD171AA9EC0D005C41B1 /* srec2bin */,
			);
		};
/* End PBXProject section */

/* Begin PBXSourcesBuildPhase section */
		4E0AFCE71AA9EB55005C41B1 /* Sources */ = {
			isa = PBXSourcesBuildPhase;
			buildActionMask = 2147483647;
			files = (
				4E0AFCF71AA9EB73005C41B1 /* kk_srec.c in Sources */,
			);
			runOnlyForDeploymentPostprocessing = 0;
		};
		4E0AFD061AA9EBCB005C41B1 /* Sources */ = {
			isa = PBXSourcesBuildPhase;
			buildActionMask = 2147483647;
			files = (
				4E0AFD111AA9EBD5005C41B1 /* bin2srec.c in Sources */,
			);
			runOnlyForDeploymentPostprocessing = 0;
		};
		4E0AFD141AA9EC0D005C41B1 /* Sources */ = {
			isa = PBXSourcesBuildPhase;
			buildActionMask = 2147483647;
			files = (
				4E0AFD1F1AA9EC24005C41B1 /* srec2bin.c in Sources */,
			);
			runOnlyForDeploymentPostprocessing = 0;
		};
/* End PBXSourcesBuildPhase section */

/* Begin XCBuildConfiguration section */
		4E0AFCE21AA9EB18005C41B1 /* Debug */ = {
			isa = XCBuildConfiguration;
			buildSettings = {
				ALWAYS_SEARCH_USER_PATHS = NO;
				CLANG_CXX_LANGUAGE_STANDARD = "gnu++0x";
				CLANG_CXX_LIBRARY = "libc++";
				CLANG_ENABLE_MODULES = YES;
				CLANG_ENABLE_OBJC_ARC = YES;
				CLANG_WARN_ASSIGN_ENUM = YES;
				CLANG_WARN_BOOL_CONVERSION = YES;
				CLANG_WARN_CONSTANT_CONVERSION = YES;
				CLANG_WARN_DIRECT_OBJC_ISA_USAGE = YES_ERROR;
				CLANG_WARN_EMPTY_BODY = YES;
				CLANG_WARN_ENUM_CONVERSION = YES;
				CLANG_WARN_IMPLICIT_SIGN_CONVERSION = YES;
				CLANG_WARN_INT_CONVERSION = YES;
				CLANG_WARN_OBJC_ROOT_CLASS = YES_ERROR;
				CLANG_WARN_SUSPICIOUS_IMPLICIT_CONVERSION = YES;
				CLANG_WARN_UNREACHABLE_CODE = YES;
				CLANG_WARN__DUPLICATE_METHOD_MATCH = YES;
				COPY_PHASE_STRIP = NO;
				ENABLE_STRICT_OBJC_MSGSEND = YES;
				GCC_C_LANGUAGE_STANDARD = c99;
				GCC_DYNAMIC_NO_PIC = NO;
				GCC_OPTIMIZATION_LEVEL = 0;
				GCC_PREPROCESSOR_DEFINITIONS = (
					"DEBUG=1",
					"$(inherited)",
				);
				GCC_SYMBOLS_PRIVATE_EXTERN = NO;
				GCC_WARN_64_TO_32_BIT_CONVERSION = YES;
				GCC_WARN_ABOUT_RETURN_TYPE = YES_ERROR;
				GCC_WARN_PEDANTIC = YES;
				GCC_WARN_SHADOW = YES;
				GCC_WARN_SIGN_COMPARE = YES;
				GCC_WARN_UNDECLARED_SELECTOR = YES;
				GCC_WARN_UNINITIALIZED_AUTOS = YES_AGGRESSIVE;
				GCC_WARN_UNUSED_FUNCTION = YES;
				GCC_WARN_UNUSED_LABEL = YES;
				GCC_WARN_UNUSED_PARAMETER = YES;
				GCC_WARN_UNUSED_VARIABLE = YES;
				LLVM_LTO = YES;
				MACOSX_DEPLOYMENT_TARGET = "";
				MTL_ENABLE_DEBUG_INFO = YES;
				ONLY_ACTIVE_ARCH = YES;
				SDKROOT = macosx;
			};
			name = Debug;
		};
		4E0AFCE31AA9EB18005C41B1 /* Release */ = {
			isa = XCBuildConfiguration;
			buildSettings = {
				ALWAYS_SEARCH_USER_PATHS = NO;
				CLANG_CXX_LANGUAGE_STANDARD = "gnu++0x";
				CLANG_CXX_LIBRARY = "libc++";
				CLANG_ENABLE_MODULES = YES;
				CLANG_ENABLE_OBJC_ARC = YES;
				CLANG_WARN_ASSIGN_ENUM = YES;
				CLANG_WARN_BOOL_CONVERSION = YES;
				CLANG_WARN_CONSTANT_CONVERSION = YES;
				CLANG_WARN_DIRECT_OBJC_ISA_USAGE = YES_ERROR;
				CLANG_WARN_EMPTY_BODY = YES;
				CLANG_WARN_ENUM_CONVERSION = YES;
				CLANG_WARN_IMPLICIT_SIGN_CONVERSION = YES;
				CLANG_WARN_INT_CONVERSION = YES;
				CLANG_WARN_OBJC_ROOT_CLASS = YES_ERROR;
				CLANG_WARN_SUSPICIOUS_IMPLICIT_CONVERSION = YES;
				CLANG_WARN_UNREACHABLE_CODE = YES;
				CLANG_WARN__DUPLICATE_METHOD_MATCH = YES;
				COPY_PHASE_STRIP = YES;
				DEBUG_INFORMATION_FORMAT = "dwarf-with-dsym";
				ENABLE_NS_ASSERTIONS = NO;
				ENABLE_STRICT_OBJC_MSGSEND = YES;
				GCC_C_LANGUAGE_STANDARD = c99;
				GCC_PREPROCESSOR_DEFINITIONS = "NDEBUG=1";
				GCC_WARN_64_TO_32_BIT_CONVERSION = YES;
				GCC_WARN_ABOUT_RETURN_TYPE = YES_ERROR;
				GCC_WARN_PEDANTIC = YES;
				GCC_WARN_SHADOW = YES;
				GCC_WARN_SIGN_COMPARE = YES;
				GCC_WARN_UNDECLARED_SELECTOR = YES;
				GCC_WARN_UNINITIALIZED_AUTOS = YES_AGGRESSIVE;
				GCC_WARN_UNUSED_FUNCTION = YES;
				GCC_WARN_UNUSED_LABEL = YES;
				GCC_WARN_UNUSED_PARAMETER = YES;
				GCC_WARN_UNUSED_VARIABLE = YES;
				LLVM_LTO = YES;
				MACOSX_DEPLOYMENT_TARGET = "";
				MTL_ENABLE_DEBUG_INFO = NO;
				SDKROOT = macosx;
			};
			name = Release;
		};
		4E0AFCEC1AA9EB55005C41B1 /* Debug */ = {
			isa = XCBuildConfiguration;
			buildSettings = {
				EXECUTABLE_PREFIX = lib;
				GCC_PREPROCESSOR_DEFINITIONS = (
					"DEBUG=1",
					"$(inherited)",
				);
				PRODUCT_NAME = "$(TARGET_NAME)";
			};
			name = Debug;
		};
		4E0AFCED1AA9EB55005C41B1 /* Release */ = {
			isa = XCBuildConfiguration;
			buildSettings = {
				EXECUTABLE_PREFIX = lib;
				PRODUCT_NAME = "$(TARGET_NAME)";
			};
			name = Release;
		};
		4E0AFD0F1AA9EBCB005C41B1 /* Debug */ = {
			isa = XCBuildConfiguration;
			buildSettings = {
				GCC_PREPROCESSOR_DEFINITIONS = (
					"DEBUG=1",
					"$(inherited)",
				);
				PRODUCT_NAME = "$(TARGET_NAME)";
			};
			name = Debug;
		};
		4E0AFD101AA9EBCB005C41B1 /* Release */ = {
			isa = XCBuildConfiguration;
			buildSettings = {
				PRODUCT_NAME = "$(TARGET_NAME)";
			};
			name = Release;
		};
		4E0AFD1B1AA9EC0D005C41B1 /* Debug */ = {
			isa = XCBuildConfiguration;
			buildSettings = {
				GCC_PREPROCESSOR_DEFINITIONS = (
					"DEBUG=1",
					"$(inherited)",
				);
				PRODUCT_NAME = "$(TARGET_NAME)";
			};
			name = Debug;
		};
		4E0AFD1C1AA9EC0D005C41B1 /* Release */ = {
			isa = XCBuildConfiguration;
			buildSettings = {
				PRODUCT_NAME = "$(TARGET_NAME)";
			};
			name = Release;
		};
/* End XCBuildConfiguration section */

/* Begin XCConfigurationList section */
		4E0AFCDB1AA9EB18005C41B1 /* Build configuration list for PBXProject "kk_srec" */ = {
			isa = XCConfigurationList;
			buildConfigurations = (
				4E0AFCE21AA9EB18005C41B1 /* Debug */,
				4E0AFCE31AA9EB18005C41B1 /* Release */,
			);
			defaultConfigurationIsVisible = 0;
			defaultConfigurationName = Release;
		};
		4E0AFCEE1AA9EB55005C41B1 /* Build configuration list for PBXNativeTarget "kk_srec" */ = {
			isa = XCConfigurationList;
			buildConfigurations = (
				4E0AFCEC1AA9EB55005C41B1 /* Debug */,
				4E0AFCED1AA9EB55005C41B1 /* Release */,
			);
			defaultConfigurationIsVisible = 0;
			defaultConfigurationName = Release;
		};
		4E0AFD0E1AA9EBCB005C41B1 /* Build configuration list for PBXNativeTarget "bin2srec" */ = {
			isa = XCConfigurationList;
			buildConfigurations = (
				4E0AFD0F1AA9EBCB005C41B1 /* Debug */,
				4E0AFD101AA9EBCB005C41B1 /* Release */,
			);
			defaultConfigurationIsVisible = 0;
			defaultConfigurationName = Release;
		};
		4E0AFD1A1AA9EC0D005C41B1 /* Build configuration list for PBXNativeTarget "srec2bin" */ = {
			isa = XCConfigurationList;
			buildConfigurations = (
				4E0AFD1B1AA9EC0D005C41B1 /* Debug */,
				4E0AFD1C1AA9EC0D005C41B1 /* Release */,
			);
			defaultConfigurationIsVisible = 0;
			defaultConfigurationName = Release;
		};
/* End XCConfigurationList section */
	};
	rootObject = 4E0AFCD81AA9EB18005C41B1 /* Project object */;
}
